
Microsoft Visual Studio Solution File, Format Version 12.00
# Visual Studio 14
VisualStudioVersion = 14.0.23107.0
MinimumVisualStudioVersion = 10.0.40219.1
Project("{2150E333-8FDC-42A3-9474-1A3956D46DE8}") = "src", "src", "{5AF1BF45-0CC2-4C4A-98DD-14E8FA154D71}"
EndProject
Project("{2150E333-8FDC-42A3-9474-1A3956D46DE8}") = "tests", "tests", "{6CF08986-2B30-4816-B91F-2CEB6335AEA4}"
EndProject
Project("{2150E333-8FDC-42A3-9474-1A3956D46DE8}") = "Solution Items", "Solution Items", "{41354E40-9328-4A58-8200-3E1CF5D926CC}"
	ProjectSection(SolutionItems) = preProject
		global.json = global.json
	EndProjectSection
EndProject
Project("{FAE04EC0-301F-11D3-BF4B-00C04F79EFBC}") = "LoreKeeper", "src\LoreKeeper\LoreKeeper.csproj", "{3F46459B-6E7E-4FCF-8586-F01D53A7882B}"
EndProject
Project("{8BB2217D-0F2D-49D1-97BC-3654ED321F3B}") = "LoreKeeper Dnx", "src\LoreKeeper.Dnx\LoreKeeper Dnx.xproj", "{25CE49E0-4655-4E60-9200-735AACBB4DD0}"
EndProject
Project("{8BB2217D-0F2D-49D1-97BC-3654ED321F3B}") = "LoreKeeper.Core Dnx", "src\LoreKeeper.Core.Dnx\LoreKeeper.Core Dnx.xproj", "{856C623C-6234-4741-8DFE-5F0C568092A6}"
EndProject
Project("{FAE04EC0-301F-11D3-BF4B-00C04F79EFBC}") = "LoreKeeper.Core", "src\LoreKeeper.Core\LoreKeeper.Core.csproj", "{44903BBD-A219-4345-9938-FC4D33AD660A}"
EndProject
Project("{8BB2217D-0F2D-49D1-97BC-3654ED321F3B}") = "LoreKeeper.Tests.Core Dnx", "tests\LoreKeeper.Tests.Core.Dnx\LoreKeeper.Tests.Core Dnx.xproj", "{4AAE2E15-7764-4987-9F6F-BE656FBEFC4E}"
EndProject
Project("{8BB2217D-0F2D-49D1-97BC-3654ED321F3B}") = "LoreKeeper.Tests.DataAccess Dnx", "tests\LoreKeeper.Tests.DataAccess.Dnx\LoreKeeper.Tests.DataAccess Dnx.xproj", "{99A26523-5F55-4FDA-ACB9-661E30DE1E7D}"
EndProject
Project("{2150E333-8FDC-42A3-9474-1A3956D46DE8}") = "common", "common", "{0B0D2719-AE48-45AB-B374-024A85349019}"
EndProject
Project("{FAE04EC0-301F-11D3-BF4B-00C04F79EFBC}") = "LoreKeeper.Tests.Core", "tests\LoreKeeper.Tests.Core\LoreKeeper.Tests.Core.csproj", "{183F955F-E1D7-4273-BB61-7112DB78575E}"
EndProject
Project("{8BB2217D-0F2D-49D1-97BC-3654ED321F3B}") = "LoreKeeper.Core.Dnx.Tests", "tests\LoreKeeper.Core.Dnx.Tests\LoreKeeper.Core.Dnx.Tests.xproj", "{33445CFB-B121-4FE7-83B8-CAABDDCAC429}"
EndProject
Project("{8BB2217D-0F2D-49D1-97BC-3654ED321F3B}") = "LoreKeeper.Bootstrappers.Autofac Dnx", "src\LoreKeeper.Bootstrappers.Autofac.Dnx\LoreKeeper.Bootstrappers.Autofac Dnx.xproj", "{60D74068-814F-439D-AE2C-95404E33965E}"
EndProject
Project("{FAE04EC0-301F-11D3-BF4B-00C04F79EFBC}") = "LoreKeeper.Bootstrappers.Autofac", "src\LoreKeeper.Bootstrappers.Autofac\LoreKeeper.Bootstrappers.Autofac.csproj", "{BDBE7C3C-2D11-4385-8773-AE303F92F3C2}"
EndProject
Project("{FAE04EC0-301F-11D3-BF4B-00C04F79EFBC}") = "LoreKeeper.EF6", "src\LoreKeeper.EF6\LoreKeeper.EF6.csproj", "{CD76456F-7E70-4325-BD29-224393592E8D}"
EndProject
Project("{FAE04EC0-301F-11D3-BF4B-00C04F79EFBC}") = "LoreKeeper.EF6.Tests", "tests\LoreKeeper.EF6.Tests\LoreKeeper.EF6.Tests.csproj", "{272DBD76-6D22-4008-9960-DDB26974EEC7}"
EndProject
Global
	GlobalSection(SolutionConfigurationPlatforms) = preSolution
		Debug|Any CPU = Debug|Any CPU
		Debug|ARM = Debug|ARM
		Debug|x64 = Debug|x64
		Debug|x86 = Debug|x86
		Release|Any CPU = Release|Any CPU
		Release|ARM = Release|ARM
		Release|x64 = Release|x64
		Release|x86 = Release|x86
	EndGlobalSection
	GlobalSection(ProjectConfigurationPlatforms) = postSolution
		{3F46459B-6E7E-4FCF-8586-F01D53A7882B}.Debug|Any CPU.ActiveCfg = Debug|Any CPU
		{3F46459B-6E7E-4FCF-8586-F01D53A7882B}.Debug|Any CPU.Build.0 = Debug|Any CPU
		{3F46459B-6E7E-4FCF-8586-F01D53A7882B}.Debug|ARM.ActiveCfg = Debug|Any CPU
		{3F46459B-6E7E-4FCF-8586-F01D53A7882B}.Debug|ARM.Build.0 = Debug|Any CPU
		{3F46459B-6E7E-4FCF-8586-F01D53A7882B}.Debug|x64.ActiveCfg = Debug|Any CPU
		{3F46459B-6E7E-4FCF-8586-F01D53A7882B}.Debug|x64.Build.0 = Debug|Any CPU
		{3F46459B-6E7E-4FCF-8586-F01D53A7882B}.Debug|x86.ActiveCfg = Debug|Any CPU
		{3F46459B-6E7E-4FCF-8586-F01D53A7882B}.Debug|x86.Build.0 = Debug|Any CPU
		{3F46459B-6E7E-4FCF-8586-F01D53A7882B}.Release|Any CPU.ActiveCfg = Release|Any CPU
		{3F46459B-6E7E-4FCF-8586-F01D53A7882B}.Release|Any CPU.Build.0 = Release|Any CPU
		{3F46459B-6E7E-4FCF-8586-F01D53A7882B}.Release|ARM.ActiveCfg = Release|Any CPU
		{3F46459B-6E7E-4FCF-8586-F01D53A7882B}.Release|ARM.Build.0 = Release|Any CPU
		{3F46459B-6E7E-4FCF-8586-F01D53A7882B}.Release|x64.ActiveCfg = Release|Any CPU
		{3F46459B-6E7E-4FCF-8586-F01D53A7882B}.Release|x64.Build.0 = Release|Any CPU
		{3F46459B-6E7E-4FCF-8586-F01D53A7882B}.Release|x86.ActiveCfg = Release|Any CPU
		{3F46459B-6E7E-4FCF-8586-F01D53A7882B}.Release|x86.Build.0 = Release|Any CPU
		{25CE49E0-4655-4E60-9200-735AACBB4DD0}.Debug|Any CPU.ActiveCfg = Debug|Any CPU
		{25CE49E0-4655-4E60-9200-735AACBB4DD0}.Debug|Any CPU.Build.0 = Debug|Any CPU
		{25CE49E0-4655-4E60-9200-735AACBB4DD0}.Debug|ARM.ActiveCfg = Debug|Any CPU
		{25CE49E0-4655-4E60-9200-735AACBB4DD0}.Debug|ARM.Build.0 = Debug|Any CPU
		{25CE49E0-4655-4E60-9200-735AACBB4DD0}.Debug|x64.ActiveCfg = Debug|Any CPU
		{25CE49E0-4655-4E60-9200-735AACBB4DD0}.Debug|x64.Build.0 = Debug|Any CPU
		{25CE49E0-4655-4E60-9200-735AACBB4DD0}.Debug|x86.ActiveCfg = Debug|Any CPU
		{25CE49E0-4655-4E60-9200-735AACBB4DD0}.Debug|x86.Build.0 = Debug|Any CPU
		{25CE49E0-4655-4E60-9200-735AACBB4DD0}.Release|Any CPU.ActiveCfg = Release|Any CPU
		{25CE49E0-4655-4E60-9200-735AACBB4DD0}.Release|Any CPU.Build.0 = Release|Any CPU
		{25CE49E0-4655-4E60-9200-735AACBB4DD0}.Release|ARM.ActiveCfg = Release|Any CPU
		{25CE49E0-4655-4E60-9200-735AACBB4DD0}.Release|ARM.Build.0 = Release|Any CPU
		{25CE49E0-4655-4E60-9200-735AACBB4DD0}.Release|x64.ActiveCfg = Release|Any CPU
		{25CE49E0-4655-4E60-9200-735AACBB4DD0}.Release|x64.Build.0 = Release|Any CPU
		{25CE49E0-4655-4E60-9200-735AACBB4DD0}.Release|x86.ActiveCfg = Release|Any CPU
		{25CE49E0-4655-4E60-9200-735AACBB4DD0}.Release|x86.Build.0 = Release|Any CPU
		{856C623C-6234-4741-8DFE-5F0C568092A6}.Debug|Any CPU.ActiveCfg = Debug|Any CPU
		{856C623C-6234-4741-8DFE-5F0C568092A6}.Debug|Any CPU.Build.0 = Debug|Any CPU
		{856C623C-6234-4741-8DFE-5F0C568092A6}.Debug|ARM.ActiveCfg = Debug|Any CPU
		{856C623C-6234-4741-8DFE-5F0C568092A6}.Debug|ARM.Build.0 = Debug|Any CPU
		{856C623C-6234-4741-8DFE-5F0C568092A6}.Debug|x64.ActiveCfg = Debug|Any CPU
		{856C623C-6234-4741-8DFE-5F0C568092A6}.Debug|x64.Build.0 = Debug|Any CPU
		{856C623C-6234-4741-8DFE-5F0C568092A6}.Debug|x86.ActiveCfg = Debug|Any CPU
		{856C623C-6234-4741-8DFE-5F0C568092A6}.Debug|x86.Build.0 = Debug|Any CPU
		{856C623C-6234-4741-8DFE-5F0C568092A6}.Release|Any CPU.ActiveCfg = Release|Any CPU
		{856C623C-6234-4741-8DFE-5F0C568092A6}.Release|Any CPU.Build.0 = Release|Any CPU
		{856C623C-6234-4741-8DFE-5F0C568092A6}.Release|ARM.ActiveCfg = Release|Any CPU
		{856C623C-6234-4741-8DFE-5F0C568092A6}.Release|ARM.Build.0 = Release|Any CPU
		{856C623C-6234-4741-8DFE-5F0C568092A6}.Release|x64.ActiveCfg = Release|Any CPU
		{856C623C-6234-4741-8DFE-5F0C568092A6}.Release|x64.Build.0 = Release|Any CPU
		{856C623C-6234-4741-8DFE-5F0C568092A6}.Release|x86.ActiveCfg = Release|Any CPU
		{856C623C-6234-4741-8DFE-5F0C568092A6}.Release|x86.Build.0 = Release|Any CPU
		{44903BBD-A219-4345-9938-FC4D33AD660A}.Debug|Any CPU.ActiveCfg = Debug|Any CPU
		{44903BBD-A219-4345-9938-FC4D33AD660A}.Debug|Any CPU.Build.0 = Debug|Any CPU
		{44903BBD-A219-4345-9938-FC4D33AD660A}.Debug|ARM.ActiveCfg = Debug|Any CPU
		{44903BBD-A219-4345-9938-FC4D33AD660A}.Debug|ARM.Build.0 = Debug|Any CPU
		{44903BBD-A219-4345-9938-FC4D33AD660A}.Debug|x64.ActiveCfg = Debug|Any CPU
		{44903BBD-A219-4345-9938-FC4D33AD660A}.Debug|x64.Build.0 = Debug|Any CPU
		{44903BBD-A219-4345-9938-FC4D33AD660A}.Debug|x86.ActiveCfg = Debug|Any CPU
		{44903BBD-A219-4345-9938-FC4D33AD660A}.Debug|x86.Build.0 = Debug|Any CPU
		{44903BBD-A219-4345-9938-FC4D33AD660A}.Release|Any CPU.ActiveCfg = Release|Any CPU
		{44903BBD-A219-4345-9938-FC4D33AD660A}.Release|Any CPU.Build.0 = Release|Any CPU
		{44903BBD-A219-4345-9938-FC4D33AD660A}.Release|ARM.ActiveCfg = Release|Any CPU
		{44903BBD-A219-4345-9938-FC4D33AD660A}.Release|ARM.Build.0 = Release|Any CPU
		{44903BBD-A219-4345-9938-FC4D33AD660A}.Release|x64.ActiveCfg = Release|Any CPU
		{44903BBD-A219-4345-9938-FC4D33AD660A}.Release|x64.Build.0 = Release|Any CPU
		{44903BBD-A219-4345-9938-FC4D33AD660A}.Release|x86.ActiveCfg = Release|Any CPU
		{44903BBD-A219-4345-9938-FC4D33AD660A}.Release|x86.Build.0 = Release|Any CPU
		{4AAE2E15-7764-4987-9F6F-BE656FBEFC4E}.Debug|Any CPU.ActiveCfg = Debug|Any CPU
		{4AAE2E15-7764-4987-9F6F-BE656FBEFC4E}.Debug|Any CPU.Build.0 = Debug|Any CPU
		{4AAE2E15-7764-4987-9F6F-BE656FBEFC4E}.Debug|ARM.ActiveCfg = Debug|Any CPU
		{4AAE2E15-7764-4987-9F6F-BE656FBEFC4E}.Debug|ARM.Build.0 = Debug|Any CPU
		{4AAE2E15-7764-4987-9F6F-BE656FBEFC4E}.Debug|x64.ActiveCfg = Debug|Any CPU
		{4AAE2E15-7764-4987-9F6F-BE656FBEFC4E}.Debug|x64.Build.0 = Debug|Any CPU
		{4AAE2E15-7764-4987-9F6F-BE656FBEFC4E}.Debug|x86.ActiveCfg = Debug|Any CPU
		{4AAE2E15-7764-4987-9F6F-BE656FBEFC4E}.Debug|x86.Build.0 = Debug|Any CPU
		{4AAE2E15-7764-4987-9F6F-BE656FBEFC4E}.Release|Any CPU.ActiveCfg = Release|Any CPU
		{4AAE2E15-7764-4987-9F6F-BE656FBEFC4E}.Release|Any CPU.Build.0 = Release|Any CPU
		{4AAE2E15-7764-4987-9F6F-BE656FBEFC4E}.Release|ARM.ActiveCfg = Release|Any CPU
		{4AAE2E15-7764-4987-9F6F-BE656FBEFC4E}.Release|ARM.Build.0 = Release|Any CPU
		{4AAE2E15-7764-4987-9F6F-BE656FBEFC4E}.Release|x64.ActiveCfg = Release|Any CPU
		{4AAE2E15-7764-4987-9F6F-BE656FBEFC4E}.Release|x64.Build.0 = Release|Any CPU
		{4AAE2E15-7764-4987-9F6F-BE656FBEFC4E}.Release|x86.ActiveCfg = Release|Any CPU
		{4AAE2E15-7764-4987-9F6F-BE656FBEFC4E}.Release|x86.Build.0 = Release|Any CPU
		{99A26523-5F55-4FDA-ACB9-661E30DE1E7D}.Debug|Any CPU.ActiveCfg = Debug|Any CPU
		{99A26523-5F55-4FDA-ACB9-661E30DE1E7D}.Debug|Any CPU.Build.0 = Debug|Any CPU
		{99A26523-5F55-4FDA-ACB9-661E30DE1E7D}.Debug|ARM.ActiveCfg = Debug|Any CPU
		{99A26523-5F55-4FDA-ACB9-661E30DE1E7D}.Debug|ARM.Build.0 = Debug|Any CPU
		{99A26523-5F55-4FDA-ACB9-661E30DE1E7D}.Debug|x64.ActiveCfg = Debug|Any CPU
		{99A26523-5F55-4FDA-ACB9-661E30DE1E7D}.Debug|x64.Build.0 = Debug|Any CPU
		{99A26523-5F55-4FDA-ACB9-661E30DE1E7D}.Debug|x86.ActiveCfg = Debug|Any CPU
		{99A26523-5F55-4FDA-ACB9-661E30DE1E7D}.Debug|x86.Build.0 = Debug|Any CPU
		{99A26523-5F55-4FDA-ACB9-661E30DE1E7D}.Release|Any CPU.ActiveCfg = Release|Any CPU
		{99A26523-5F55-4FDA-ACB9-661E30DE1E7D}.Release|Any CPU.Build.0 = Release|Any CPU
		{99A26523-5F55-4FDA-ACB9-661E30DE1E7D}.Release|ARM.ActiveCfg = Release|Any CPU
		{99A26523-5F55-4FDA-ACB9-661E30DE1E7D}.Release|ARM.Build.0 = Release|Any CPU
		{99A26523-5F55-4FDA-ACB9-661E30DE1E7D}.Release|x64.ActiveCfg = Release|Any CPU
		{99A26523-5F55-4FDA-ACB9-661E30DE1E7D}.Release|x64.Build.0 = Release|Any CPU
		{99A26523-5F55-4FDA-ACB9-661E30DE1E7D}.Release|x86.ActiveCfg = Release|Any CPU
		{99A26523-5F55-4FDA-ACB9-661E30DE1E7D}.Release|x86.Build.0 = Release|Any CPU
		{183F955F-E1D7-4273-BB61-7112DB78575E}.Debug|Any CPU.ActiveCfg = Debug|Any CPU
		{183F955F-E1D7-4273-BB61-7112DB78575E}.Debug|Any CPU.Build.0 = Debug|Any CPU
		{183F955F-E1D7-4273-BB61-7112DB78575E}.Debug|ARM.ActiveCfg = Debug|Any CPU
		{183F955F-E1D7-4273-BB61-7112DB78575E}.Debug|ARM.Build.0 = Debug|Any CPU
		{183F955F-E1D7-4273-BB61-7112DB78575E}.Debug|x64.ActiveCfg = Debug|Any CPU
		{183F955F-E1D7-4273-BB61-7112DB78575E}.Debug|x64.Build.0 = Debug|Any CPU
		{183F955F-E1D7-4273-BB61-7112DB78575E}.Debug|x86.ActiveCfg = Debug|Any CPU
		{183F955F-E1D7-4273-BB61-7112DB78575E}.Debug|x86.Build.0 = Debug|Any CPU
		{183F955F-E1D7-4273-BB61-7112DB78575E}.Release|Any CPU.ActiveCfg = Release|Any CPU
		{183F955F-E1D7-4273-BB61-7112DB78575E}.Release|Any CPU.Build.0 = Release|Any CPU
		{183F955F-E1D7-4273-BB61-7112DB78575E}.Release|ARM.ActiveCfg = Release|Any CPU
		{183F955F-E1D7-4273-BB61-7112DB78575E}.Release|ARM.Build.0 = Release|Any CPU
		{183F955F-E1D7-4273-BB61-7112DB78575E}.Release|x64.ActiveCfg = Release|Any CPU
		{183F955F-E1D7-4273-BB61-7112DB78575E}.Release|x64.Build.0 = Release|Any CPU
		{183F955F-E1D7-4273-BB61-7112DB78575E}.Release|x86.ActiveCfg = Release|Any CPU
		{183F955F-E1D7-4273-BB61-7112DB78575E}.Release|x86.Build.0 = Release|Any CPU
		{33445CFB-B121-4FE7-83B8-CAABDDCAC429}.Debug|Any CPU.ActiveCfg = Debug|Any CPU
		{33445CFB-B121-4FE7-83B8-CAABDDCAC429}.Debug|Any CPU.Build.0 = Debug|Any CPU
		{33445CFB-B121-4FE7-83B8-CAABDDCAC429}.Debug|ARM.ActiveCfg = Debug|Any CPU
		{33445CFB-B121-4FE7-83B8-CAABDDCAC429}.Debug|ARM.Build.0 = Debug|Any CPU
		{33445CFB-B121-4FE7-83B8-CAABDDCAC429}.Debug|x64.ActiveCfg = Debug|Any CPU
		{33445CFB-B121-4FE7-83B8-CAABDDCAC429}.Debug|x64.Build.0 = Debug|Any CPU
		{33445CFB-B121-4FE7-83B8-CAABDDCAC429}.Debug|x86.ActiveCfg = Debug|Any CPU
		{33445CFB-B121-4FE7-83B8-CAABDDCAC429}.Debug|x86.Build.0 = Debug|Any CPU
		{33445CFB-B121-4FE7-83B8-CAABDDCAC429}.Release|Any CPU.ActiveCfg = Release|Any CPU
		{33445CFB-B121-4FE7-83B8-CAABDDCAC429}.Release|Any CPU.Build.0 = Release|Any CPU
		{33445CFB-B121-4FE7-83B8-CAABDDCAC429}.Release|ARM.ActiveCfg = Release|Any CPU
		{33445CFB-B121-4FE7-83B8-CAABDDCAC429}.Release|ARM.Build.0 = Release|Any CPU
		{33445CFB-B121-4FE7-83B8-CAABDDCAC429}.Release|x64.ActiveCfg = Release|Any CPU
		{33445CFB-B121-4FE7-83B8-CAABDDCAC429}.Release|x64.Build.0 = Release|Any CPU
		{33445CFB-B121-4FE7-83B8-CAABDDCAC429}.Release|x86.ActiveCfg = Release|Any CPU
		{33445CFB-B121-4FE7-83B8-CAABDDCAC429}.Release|x86.Build.0 = Release|Any CPU
		{60D74068-814F-439D-AE2C-95404E33965E}.Debug|Any CPU.ActiveCfg = Debug|Any CPU
		{60D74068-814F-439D-AE2C-95404E33965E}.Debug|Any CPU.Build.0 = Debug|Any CPU
		{60D74068-814F-439D-AE2C-95404E33965E}.Debug|ARM.ActiveCfg = Debug|Any CPU
		{60D74068-814F-439D-AE2C-95404E33965E}.Debug|ARM.Build.0 = Debug|Any CPU
		{60D74068-814F-439D-AE2C-95404E33965E}.Debug|x64.ActiveCfg = Debug|Any CPU
		{60D74068-814F-439D-AE2C-95404E33965E}.Debug|x64.Build.0 = Debug|Any CPU
		{60D74068-814F-439D-AE2C-95404E33965E}.Debug|x86.ActiveCfg = Debug|Any CPU
		{60D74068-814F-439D-AE2C-95404E33965E}.Debug|x86.Build.0 = Debug|Any CPU
		{60D74068-814F-439D-AE2C-95404E33965E}.Release|Any CPU.ActiveCfg = Release|Any CPU
		{60D74068-814F-439D-AE2C-95404E33965E}.Release|Any CPU.Build.0 = Release|Any CPU
		{60D74068-814F-439D-AE2C-95404E33965E}.Release|ARM.ActiveCfg = Release|Any CPU
		{60D74068-814F-439D-AE2C-95404E33965E}.Release|ARM.Build.0 = Release|Any CPU
		{60D74068-814F-439D-AE2C-95404E33965E}.Release|x64.ActiveCfg = Release|Any CPU
		{60D74068-814F-439D-AE2C-95404E33965E}.Release|x64.Build.0 = Release|Any CPU
		{60D74068-814F-439D-AE2C-95404E33965E}.Release|x86.ActiveCfg = Release|Any CPU
		{60D74068-814F-439D-AE2C-95404E33965E}.Release|x86.Build.0 = Release|Any CPU
		{BDBE7C3C-2D11-4385-8773-AE303F92F3C2}.Debug|Any CPU.ActiveCfg = Debug|Any CPU
		{BDBE7C3C-2D11-4385-8773-AE303F92F3C2}.Debug|Any CPU.Build.0 = Debug|Any CPU
		{BDBE7C3C-2D11-4385-8773-AE303F92F3C2}.Debug|ARM.ActiveCfg = Debug|Any CPU
		{BDBE7C3C-2D11-4385-8773-AE303F92F3C2}.Debug|ARM.Build.0 = Debug|Any CPU
		{BDBE7C3C-2D11-4385-8773-AE303F92F3C2}.Debug|x64.ActiveCfg = Debug|Any CPU
		{BDBE7C3C-2D11-4385-8773-AE303F92F3C2}.Debug|x64.Build.0 = Debug|Any CPU
		{BDBE7C3C-2D11-4385-8773-AE303F92F3C2}.Debug|x86.ActiveCfg = Debug|Any CPU
		{BDBE7C3C-2D11-4385-8773-AE303F92F3C2}.Debug|x86.Build.0 = Debug|Any CPU
		{BDBE7C3C-2D11-4385-8773-AE303F92F3C2}.Release|Any CPU.ActiveCfg = Release|Any CPU
		{BDBE7C3C-2D11-4385-8773-AE303F92F3C2}.Release|Any CPU.Build.0 = Release|Any CPU
		{BDBE7C3C-2D11-4385-8773-AE303F92F3C2}.Release|ARM.ActiveCfg = Release|Any CPU
		{BDBE7C3C-2D11-4385-8773-AE303F92F3C2}.Release|ARM.Build.0 = Release|Any CPU
		{BDBE7C3C-2D11-4385-8773-AE303F92F3C2}.Release|x64.ActiveCfg = Release|Any CPU
		{BDBE7C3C-2D11-4385-8773-AE303F92F3C2}.Release|x64.Build.0 = Release|Any CPU
		{BDBE7C3C-2D11-4385-8773-AE303F92F3C2}.Release|x86.ActiveCfg = Release|Any CPU
		{BDBE7C3C-2D11-4385-8773-AE303F92F3C2}.Release|x86.Build.0 = Release|Any CPU
		{CD76456F-7E70-4325-BD29-224393592E8D}.Debug|Any CPU.ActiveCfg = Debug|Any CPU
		{CD76456F-7E70-4325-BD29-224393592E8D}.Debug|Any CPU.Build.0 = Debug|Any CPU
		{CD76456F-7E70-4325-BD29-224393592E8D}.Debug|ARM.ActiveCfg = Debug|Any CPU
		{CD76456F-7E70-4325-BD29-224393592E8D}.Debug|ARM.Build.0 = Debug|Any CPU
		{CD76456F-7E70-4325-BD29-224393592E8D}.Debug|x64.ActiveCfg = Debug|Any CPU
		{CD76456F-7E70-4325-BD29-224393592E8D}.Debug|x64.Build.0 = Debug|Any CPU
		{CD76456F-7E70-4325-BD29-224393592E8D}.Debug|x86.ActiveCfg = Debug|Any CPU
		{CD76456F-7E70-4325-BD29-224393592E8D}.Debug|x86.Build.0 = Debug|Any CPU
		{CD76456F-7E70-4325-BD29-224393592E8D}.Release|Any CPU.ActiveCfg = Release|Any CPU
		{CD76456F-7E70-4325-BD29-224393592E8D}.Release|Any CPU.Build.0 = Release|Any CPU
		{CD76456F-7E70-4325-BD29-224393592E8D}.Release|ARM.ActiveCfg = Release|Any CPU
		{CD76456F-7E70-4325-BD29-224393592E8D}.Release|ARM.Build.0 = Release|Any CPU
		{CD76456F-7E70-4325-BD29-224393592E8D}.Release|x64.ActiveCfg = Release|Any CPU
		{CD76456F-7E70-4325-BD29-224393592E8D}.Release|x64.Build.0 = Release|Any CPU
		{CD76456F-7E70-4325-BD29-224393592E8D}.Release|x86.ActiveCfg = Release|Any CPU
		{CD76456F-7E70-4325-BD29-224393592E8D}.Release|x86.Build.0 = Release|Any CPU
		{272DBD76-6D22-4008-9960-DDB26974EEC7}.Debug|Any CPU.ActiveCfg = Debug|Any CPU
		{272DBD76-6D22-4008-9960-DDB26974EEC7}.Debug|Any CPU.Build.0 = Debug|Any CPU
		{272DBD76-6D22-4008-9960-DDB26974EEC7}.Debug|ARM.ActiveCfg = Debug|Any CPU
		{272DBD76-6D22-4008-9960-DDB26974EEC7}.Debug|ARM.Build.0 = Debug|Any CPU
		{272DBD76-6D22-4008-9960-DDB26974EEC7}.Debug|x64.ActiveCfg = Debug|Any CPU
		{272DBD76-6D22-4008-9960-DDB26974EEC7}.Debug|x64.Build.0 = Debug|Any CPU
		{272DBD76-6D22-4008-9960-DDB26974EEC7}.Debug|x86.ActiveCfg = Debug|Any CPU
		{272DBD76-6D22-4008-9960-DDB26974EEC7}.Debug|x86.Build.0 = Debug|Any CPU
		{272DBD76-6D22-4008-9960-DDB26974EEC7}.Release|Any CPU.ActiveCfg = Release|Any CPU
		{272DBD76-6D22-4008-9960-DDB26974EEC7}.Release|Any CPU.Build.0 = Release|Any CPU
		{272DBD76-6D22-4008-9960-DDB26974EEC7}.Release|ARM.ActiveCfg = Release|Any CPU
		{272DBD76-6D22-4008-9960-DDB26974EEC7}.Release|ARM.Build.0 = Release|Any CPU
		{272DBD76-6D22-4008-9960-DDB26974EEC7}.Release|x64.ActiveCfg = Release|Any CPU
		{272DBD76-6D22-4008-9960-DDB26974EEC7}.Release|x64.Build.0 = Release|Any CPU
		{272DBD76-6D22-4008-9960-DDB26974EEC7}.Release|x86.ActiveCfg = Release|Any CPU
		{272DBD76-6D22-4008-9960-DDB26974EEC7}.Release|x86.Build.0 = Release|Any CPU
	EndGlobalSection
	GlobalSection(SolutionProperties) = preSolution
		HideSolutionNode = FALSE
	EndGlobalSection
	GlobalSection(NestedProjects) = preSolution
		{3F46459B-6E7E-4FCF-8586-F01D53A7882B} = {5AF1BF45-0CC2-4C4A-98DD-14E8FA154D71}
		{25CE49E0-4655-4E60-9200-735AACBB4DD0} = {5AF1BF45-0CC2-4C4A-98DD-14E8FA154D71}
		{856C623C-6234-4741-8DFE-5F0C568092A6} = {5AF1BF45-0CC2-4C4A-98DD-14E8FA154D71}
		{44903BBD-A219-4345-9938-FC4D33AD660A} = {5AF1BF45-0CC2-4C4A-98DD-14E8FA154D71}
		{4AAE2E15-7764-4987-9F6F-BE656FBEFC4E} = {0B0D2719-AE48-45AB-B374-024A85349019}
		{99A26523-5F55-4FDA-ACB9-661E30DE1E7D} = {0B0D2719-AE48-45AB-B374-024A85349019}
		{0B0D2719-AE48-45AB-B374-024A85349019} = {6CF08986-2B30-4816-B91F-2CEB6335AEA4}
		{183F955F-E1D7-4273-BB61-7112DB78575E} = {0B0D2719-AE48-45AB-B374-024A85349019}
		{33445CFB-B121-4FE7-83B8-CAABDDCAC429} = {6CF08986-2B30-4816-B91F-2CEB6335AEA4}
		{60D74068-814F-439D-AE2C-95404E33965E} = {5AF1BF45-0CC2-4C4A-98DD-14E8FA154D71}
		{BDBE7C3C-2D11-4385-8773-AE303F92F3C2} = {5AF1BF45-0CC2-4C4A-98DD-14E8FA154D71}
		{CD76456F-7E70-4325-BD29-224393592E8D} = {5AF1BF45-0CC2-4C4A-98DD-14E8FA154D71}
		{272DBD76-6D22-4008-9960-DDB26974EEC7} = {6CF08986-2B30-4816-B91F-2CEB6335AEA4}
	EndGlobalSection
EndGlobal
